// !$*UTF8*$!
{
	archiveVersion = 1;
	classes = {
	};
	objectVersion = 50;
	objects = {

/* Begin PBXBuildFile section */
		2E3129072263C17C00149013 /* AppDelegate.swift in Sources */ = {isa = PBXBuildFile; fileRef = 2E3129062263C17C00149013 /* AppDelegate.swift */; };
		2E31290C2263C17C00149013 /* Main.storyboard in Resources */ = {isa = PBXBuildFile; fileRef = 2E31290A2263C17C00149013 /* Main.storyboard */; };
		2E31290E2263C17D00149013 /* Assets.xcassets in Resources */ = {isa = PBXBuildFile; fileRef = 2E31290D2263C17D00149013 /* Assets.xcassets */; };
		2E3129112263C17D00149013 /* LaunchScreen.storyboard in Resources */ = {isa = PBXBuildFile; fileRef = 2E31290F2263C17D00149013 /* LaunchScreen.storyboard */; };
		2E31291C2263C17D00149013 /* flixTests.swift in Sources */ = {isa = PBXBuildFile; fileRef = 2E31291B2263C17D00149013 /* flixTests.swift */; };
		2E3129272263C17D00149013 /* flixUITests.swift in Sources */ = {isa = PBXBuildFile; fileRef = 2E3129262263C17D00149013 /* flixUITests.swift */; };
		2E3129352263C24600149013 /* MoviesViewController.swift in Sources */ = {isa = PBXBuildFile; fileRef = 2E3129342263C24600149013 /* MoviesViewController.swift */; };
		2E3129372263D56100149013 /* MovieCell.swift in Sources */ = {isa = PBXBuildFile; fileRef = 2E3129362263D56100149013 /* MovieCell.swift */; };
		8576EF1872DF0E01AF346FFE /* Pods_flix.framework in Frameworks */ = {isa = PBXBuildFile; fileRef = B45E590E45BB653355D88F7C /* Pods_flix.framework */; };
		CCD5A89682076D6442645F94 /* Pods_flixTests.framework in Frameworks */ = {isa = PBXBuildFile; fileRef = 10A48C70EE2A80EE316ACCBD /* Pods_flixTests.framework */; };
		DDF1A65FAA96080122124E99 /* Pods_flixUITests.framework in Frameworks */ = {isa = PBXBuildFile; fileRef = 8AEE52C419DFCA71E3CD6911 /* Pods_flixUITests.framework */; };
/* End PBXBuildFile section */

/* Begin PBXContainerItemProxy section */
		2E3129182263C17D00149013 /* PBXContainerItemProxy */ = {
			isa = PBXContainerItemProxy;
			containerPortal = 2E3128FB2263C17C00149013 /* Project object */;
			proxyType = 1;
			remoteGlobalIDString = 2E3129022263C17C00149013;
			remoteInfo = flix;
		};
		2E3129232263C17D00149013 /* PBXContainerItemProxy */ = {
			isa = PBXContainerItemProxy;
			containerPortal = 2E3128FB2263C17C00149013 /* Project object */;
			proxyType = 1;
			remoteGlobalIDString = 2E3129022263C17C00149013;
			remoteInfo = flix;
		};
/* End PBXContainerItemProxy section */

/* Begin PBXFileReference section */
		10A48C70EE2A80EE316ACCBD /* Pods_flixTests.framework */ = {isa = PBXFileReference; explicitFileType = wrapper.framework; includeInIndex = 0; path = Pods_flixTests.framework; sourceTree = BUILT_PRODUCTS_DIR; };
		118CF6C0E94649975A82161F /* Pods-flixUITests.debug.xcconfig */ = {isa = PBXFileReference; includeInIndex = 1; lastKnownFileType = text.xcconfig; name = "Pods-flixUITests.debug.xcconfig"; path = "Target Support Files/Pods-flixUITests/Pods-flixUITests.debug.xcconfig"; sourceTree = "<group>"; };
		1C15D3250A54A42197C039B1 /* Pods-flixUITests.release.xcconfig */ = {isa = PBXFileReference; includeInIndex = 1; lastKnownFileType = text.xcconfig; name = "Pods-flixUITests.release.xcconfig"; path = "Target Support Files/Pods-flixUITests/Pods-flixUITests.release.xcconfig"; sourceTree = "<group>"; };
		2CB01708FE93C40526EB21D4 /* Pods-flix.debug.xcconfig */ = {isa = PBXFileReference; includeInIndex = 1; lastKnownFileType = text.xcconfig; name = "Pods-flix.debug.xcconfig"; path = "Target Support Files/Pods-flix/Pods-flix.debug.xcconfig"; sourceTree = "<group>"; };
		2E3129032263C17C00149013 /* flix.app */ = {isa = PBXFileReference; explicitFileType = wrapper.application; includeInIndex = 0; path = flix.app; sourceTree = BUILT_PRODUCTS_DIR; };
		2E3129062263C17C00149013 /* AppDelegate.swift */ = {isa = PBXFileReference; lastKnownFileType = sourcecode.swift; path = AppDelegate.swift; sourceTree = "<group>"; };
		2E31290B2263C17C00149013 /* Base */ = {isa = PBXFileReference; lastKnownFileType = file.storyboard; name = Base; path = Base.lproj/Main.storyboard; sourceTree = "<group>"; };
		2E31290D2263C17D00149013 /* Assets.xcassets */ = {isa = PBXFileReference; lastKnownFileType = folder.assetcatalog; path = Assets.xcassets; sourceTree = "<group>"; };
		2E3129102263C17D00149013 /* Base */ = {isa = PBXFileReference; lastKnownFileType = file.storyboard; name = Base; path = Base.lproj/LaunchScreen.storyboard; sourceTree = "<group>"; };
		2E3129122263C17D00149013 /* Info.plist */ = {isa = PBXFileReference; lastKnownFileType = text.plist.xml; path = Info.plist; sourceTree = "<group>"; };
		2E3129172263C17D00149013 /* flixTests.xctest */ = {isa = PBXFileReference; explicitFileType = wrapper.cfbundle; includeInIndex = 0; path = flixTests.xctest; sourceTree = BUILT_PRODUCTS_DIR; };
		2E31291B2263C17D00149013 /* flixTests.swift */ = {isa = PBXFileReference; lastKnownFileType = sourcecode.swift; path = flixTests.swift; sourceTree = "<group>"; };
		2E31291D2263C17D00149013 /* Info.plist */ = {isa = PBXFileReference; lastKnownFileType = text.plist.xml; path = Info.plist; sourceTree = "<group>"; };
		2E3129222263C17D00149013 /* flixUITests.xctest */ = {isa = PBXFileReference; explicitFileType = wrapper.cfbundle; includeInIndex = 0; path = flixUITests.xctest; sourceTree = BUILT_PRODUCTS_DIR; };
		2E3129262263C17D00149013 /* flixUITests.swift */ = {isa = PBXFileReference; lastKnownFileType = sourcecode.swift; path = flixUITests.swift; sourceTree = "<group>"; };
		2E3129282263C17D00149013 /* Info.plist */ = {isa = PBXFileReference; lastKnownFileType = text.plist.xml; path = Info.plist; sourceTree = "<group>"; };
		2E3129342263C24600149013 /* MoviesViewController.swift */ = {isa = PBXFileReference; lastKnownFileType = sourcecode.swift; path = MoviesViewController.swift; sourceTree = "<group>"; };
		2E3129362263D56100149013 /* MovieCell.swift */ = {isa = PBXFileReference; lastKnownFileType = sourcecode.swift; path = MovieCell.swift; sourceTree = "<group>"; };
		614CE60CA8E4577E7930AA50 /* Pods-flixTests.release.xcconfig */ = {isa = PBXFileReference; includeInIndex = 1; lastKnownFileType = text.xcconfig; name = "Pods-flixTests.release.xcconfig"; path = "Target Support Files/Pods-flixTests/Pods-flixTests.release.xcconfig"; sourceTree = "<group>"; };
		86E5E72B48E9B73FEE45B41C /* Pods-flixTests.debug.xcconfig */ = {isa = PBXFileReference; includeInIndex = 1; lastKnownFileType = text.xcconfig; name = "Pods-flixTests.debug.xcconfig"; path = "Target Support Files/Pods-flixTests/Pods-flixTests.debug.xcconfig"; sourceTree = "<group>"; };
		8AEE52C419DFCA71E3CD6911 /* Pods_flixUITests.framework */ = {isa = PBXFileReference; explicitFileType = wrapper.framework; includeInIndex = 0; path = Pods_flixUITests.framework; sourceTree = BUILT_PRODUCTS_DIR; };
		980763D3C3CD5DDB9562EBFF /* Pods-flix.release.xcconfig */ = {isa = PBXFileReference; includeInIndex = 1; lastKnownFileType = text.xcconfig; name = "Pods-flix.release.xcconfig"; path = "Target Support Files/Pods-flix/Pods-flix.release.xcconfig"; sourceTree = "<group>"; };
		B45E590E45BB653355D88F7C /* Pods_flix.framework */ = {isa = PBXFileReference; explicitFileType = wrapper.framework; includeInIndex = 0; path = Pods_flix.framework; sourceTree = BUILT_PRODUCTS_DIR; };
/* End PBXFileReference section */

/* Begin PBXFrameworksBuildPhase section */
		2E3129002263C17C00149013 /* Frameworks */ = {
			isa = PBXFrameworksBuildPhase;
			buildActionMask = 2147483647;
			files = (
				8576EF1872DF0E01AF346FFE /* Pods_flix.framework in Frameworks */,
			);
			runOnlyForDeploymentPostprocessing = 0;
		};
		2E3129142263C17D00149013 /* Frameworks */ = {
			isa = PBXFrameworksBuildPhase;
			buildActionMask = 2147483647;
			files = (
				CCD5A89682076D6442645F94 /* Pods_flixTests.framework in Frameworks */,
			);
			runOnlyForDeploymentPostprocessing = 0;
		};
		2E31291F2263C17D00149013 /* Frameworks */ = {
			isa = PBXFrameworksBuildPhase;
			buildActionMask = 2147483647;
			files = (
				DDF1A65FAA96080122124E99 /* Pods_flixUITests.framework in Frameworks */,
			);
			runOnlyForDeploymentPostprocessing = 0;
		};
/* End PBXFrameworksBuildPhase section */

/* Begin PBXGroup section */
		2E3128FA2263C17C00149013 = {
			isa = PBXGroup;
			children = (
				2E3129362263D56100149013 /* MovieCell.swift */,
				2E3129052263C17C00149013 /* flix */,
				2E31291A2263C17D00149013 /* flixTests */,
				2E3129252263C17D00149013 /* flixUITests */,
				2E3129042263C17C00149013 /* Products */,
				6EB50BCCF445F4D1102163E8 /* Pods */,
				43B755466B5D915507184961 /* Frameworks */,
			);
			sourceTree = "<group>";
		};
		2E3129042263C17C00149013 /* Products */ = {
			isa = PBXGroup;
			children = (
				2E3129032263C17C00149013 /* flix.app */,
				2E3129172263C17D00149013 /* flixTests.xctest */,
				2E3129222263C17D00149013 /* flixUITests.xctest */,
			);
			name = Products;
			sourceTree = "<group>";
		};
		2E3129052263C17C00149013 /* flix */ = {
			isa = PBXGroup;
			children = (
				2E3129062263C17C00149013 /* AppDelegate.swift */,
				2E31290A2263C17C00149013 /* Main.storyboard */,
				2E31290D2263C17D00149013 /* Assets.xcassets */,
				2E31290F2263C17D00149013 /* LaunchScreen.storyboard */,
				2E3129122263C17D00149013 /* Info.plist */,
				2E3129342263C24600149013 /* MoviesViewController.swift */,
			);
			path = flix;
			sourceTree = "<group>";
		};
		2E31291A2263C17D00149013 /* flixTests */ = {
			isa = PBXGroup;
			children = (
				2E31291B2263C17D00149013 /* flixTests.swift */,
				2E31291D2263C17D00149013 /* Info.plist */,
			);
			path = flixTests;
			sourceTree = "<group>";
		};
		2E3129252263C17D00149013 /* flixUITests */ = {
			isa = PBXGroup;
			children = (
				2E3129262263C17D00149013 /* flixUITests.swift */,
				2E3129282263C17D00149013 /* Info.plist */,
			);
			path = flixUITests;
			sourceTree = "<group>";
		};
		43B755466B5D915507184961 /* Frameworks */ = {
			isa = PBXGroup;
			children = (
				B45E590E45BB653355D88F7C /* Pods_flix.framework */,
				10A48C70EE2A80EE316ACCBD /* Pods_flixTests.framework */,
				8AEE52C419DFCA71E3CD6911 /* Pods_flixUITests.framework */,
			);
			name = Frameworks;
			sourceTree = "<group>";
		};
		6EB50BCCF445F4D1102163E8 /* Pods */ = {
			isa = PBXGroup;
			children = (
				2CB01708FE93C40526EB21D4 /* Pods-flix.debug.xcconfig */,
				980763D3C3CD5DDB9562EBFF /* Pods-flix.release.xcconfig */,
				86E5E72B48E9B73FEE45B41C /* Pods-flixTests.debug.xcconfig */,
				614CE60CA8E4577E7930AA50 /* Pods-flixTests.release.xcconfig */,
				118CF6C0E94649975A82161F /* Pods-flixUITests.debug.xcconfig */,
				1C15D3250A54A42197C039B1 /* Pods-flixUITests.release.xcconfig */,
			);
			name = Pods;
			path = Pods;
			sourceTree = "<group>";
		};
/* End PBXGroup section */

/* Begin PBXNativeTarget section */
		2E3129022263C17C00149013 /* flix */ = {
			isa = PBXNativeTarget;
			buildConfigurationList = 2E31292B2263C17D00149013 /* Build configuration list for PBXNativeTarget "flix" */;
			buildPhases = (
				11E1438DDF578742CCBAC6F0 /* [CP] Check Pods Manifest.lock */,
				2E3128FF2263C17C00149013 /* Sources */,
				2E3129002263C17C00149013 /* Frameworks */,
				2E3129012263C17C00149013 /* Resources */,
				232FF836E7D1128F25C85142 /* [CP] Embed Pods Frameworks */,
			);
			buildRules = (
			);
			dependencies = (
			);
			name = flix;
			productName = flix;
			productReference = 2E3129032263C17C00149013 /* flix.app */;
			productType = "com.apple.product-type.application";
		};
		2E3129162263C17D00149013 /* flixTests */ = {
			isa = PBXNativeTarget;
			buildConfigurationList = 2E31292E2263C17D00149013 /* Build configuration list for PBXNativeTarget "flixTests" */;
			buildPhases = (
				D0A743DE55124F09D24D1315 /* [CP] Check Pods Manifest.lock */,
				2E3129132263C17D00149013 /* Sources */,
				2E3129142263C17D00149013 /* Frameworks */,
				2E3129152263C17D00149013 /* Resources */,
			);
			buildRules = (
			);
			dependencies = (
				2E3129192263C17D00149013 /* PBXTargetDependency */,
			);
			name = flixTests;
			productName = flixTests;
			productReference = 2E3129172263C17D00149013 /* flixTests.xctest */;
			productType = "com.apple.product-type.bundle.unit-test";
		};
		2E3129212263C17D00149013 /* flixUITests */ = {
			isa = PBXNativeTarget;
			buildConfigurationList = 2E3129312263C17D00149013 /* Build configuration list for PBXNativeTarget "flixUITests" */;
			buildPhases = (
				D6D326C4462917BA94D59905 /* [CP] Check Pods Manifest.lock */,
				2E31291E2263C17D00149013 /* Sources */,
				2E31291F2263C17D00149013 /* Frameworks */,
				2E3129202263C17D00149013 /* Resources */,
			);
			buildRules = (
			);
			dependencies = (
				2E3129242263C17D00149013 /* PBXTargetDependency */,
			);
			name = flixUITests;
			productName = flixUITests;
			productReference = 2E3129222263C17D00149013 /* flixUITests.xctest */;
			productType = "com.apple.product-type.bundle.ui-testing";
		};
/* End PBXNativeTarget section */

/* Begin PBXProject section */
		2E3128FB2263C17C00149013 /* Project object */ = {
			isa = PBXProject;
			attributes = {
				LastSwiftUpdateCheck = 1020;
				LastUpgradeCheck = 1020;
				ORGANIZATIONNAME = "Frank Vu ";
				TargetAttributes = {
					2E3129022263C17C00149013 = {
						CreatedOnToolsVersion = 10.2;
					};
					2E3129162263C17D00149013 = {
						CreatedOnToolsVersion = 10.2;
						TestTargetID = 2E3129022263C17C00149013;
					};
					2E3129212263C17D00149013 = {
						CreatedOnToolsVersion = 10.2;
						TestTargetID = 2E3129022263C17C00149013;
					};
				};
			};
			buildConfigurationList = 2E3128FE2263C17C00149013 /* Build configuration list for PBXProject "flix" */;
			compatibilityVersion = "Xcode 9.3";
			developmentRegion = en;
			hasScannedForEncodings = 0;
			knownRegions = (
				en,
				Base,
			);
			mainGroup = 2E3128FA2263C17C00149013;
			productRefGroup = 2E3129042263C17C00149013 /* Products */;
			projectDirPath = "";
			projectRoot = "";
			targets = (
				2E3129022263C17C00149013 /* flix */,
				2E3129162263C17D00149013 /* flixTests */,
				2E3129212263C17D00149013 /* flixUITests */,
			);
		};
/* End PBXProject section */

/* Begin PBXResourcesBuildPhase section */
		2E3129012263C17C00149013 /* Resources */ = {
			isa = PBXResourcesBuildPhase;
			buildActionMask = 2147483647;
			files = (
				2E3129112263C17D00149013 /* LaunchScreen.storyboard in Resources */,
				2E31290E2263C17D00149013 /* Assets.xcassets in Resources */,
				2E31290C2263C17C00149013 /* Main.storyboard in Resources */,
			);
			runOnlyForDeploymentPostprocessing = 0;
		};
		2E3129152263C17D00149013 /* Resources */ = {
			isa = PBXResourcesBuildPhase;
			buildActionMask = 2147483647;
			files = (
			);
			runOnlyForDeploymentPostprocessing = 0;
		};
		2E3129202263C17D00149013 /* Resources */ = {
			isa = PBXResourcesBuildPhase;
			buildActionMask = 2147483647;
			files = (
			);
			runOnlyForDeploymentPostprocessing = 0;
		};
/* End PBXResourcesBuildPhase section */

/* Begin PBXShellScriptBuildPhase section */
		11E1438DDF578742CCBAC6F0 /* [CP] Check Pods Manifest.lock */ = {
			isa = PBXShellScriptBuildPhase;
			buildActionMask = 2147483647;
			files = (
			);
			inputFileListPaths = (
			);
			inputPaths = (
				"${PODS_PODFILE_DIR_PATH}/Podfile.lock",
				"${PODS_ROOT}/Manifest.lock",
			);
			name = "[CP] Check Pods Manifest.lock";
			outputFileListPaths = (
			);
			outputPaths = (
				"$(DERIVED_FILE_DIR)/Pods-flix-checkManifestLockResult.txt",
			);
			runOnlyForDeploymentPostprocessing = 0;
			shellPath = /bin/sh;
			shellScript = "diff \"${PODS_PODFILE_DIR_PATH}/Podfile.lock\" \"${PODS_ROOT}/Manifest.lock\" > /dev/null\nif [ $? != 0 ] ; then\n    # print error to STDERR\n    echo \"error: The sandbox is not in sync with the Podfile.lock. Run 'pod install' or update your CocoaPods installation.\" >&2\n    exit 1\nfi\n# This output is used by Xcode 'outputs' to avoid re-running this script phase.\necho \"SUCCESS\" > \"${SCRIPT_OUTPUT_FILE_0}\"\n";
			showEnvVarsInLog = 0;
		};
		232FF836E7D1128F25C85142 /* [CP] Embed Pods Frameworks */ = {
			isa = PBXShellScriptBuildPhase;
			buildActionMask = 2147483647;
			files = (
			);
			inputFileListPaths = (
			);
			inputPaths = (
				"${PODS_ROOT}/Target Support Files/Pods-flix/Pods-flix-frameworks.sh",
				"${BUILT_PRODUCTS_DIR}/Alamofire/Alamofire.framework",
				"${BUILT_PRODUCTS_DIR}/AlamofireImage/AlamofireImage.framework",
			);
			name = "[CP] Embed Pods Frameworks";
			outputFileListPaths = (
			);
			outputPaths = (
				"${TARGET_BUILD_DIR}/${FRAMEWORKS_FOLDER_PATH}/Alamofire.framework",
				"${TARGET_BUILD_DIR}/${FRAMEWORKS_FOLDER_PATH}/AlamofireImage.framework",
			);
			runOnlyForDeploymentPostprocessing = 0;
			shellPath = /bin/sh;
			shellScript = "\"${PODS_ROOT}/Target Support Files/Pods-flix/Pods-flix-frameworks.sh\"\n";
			showEnvVarsInLog = 0;
		};
		D0A743DE55124F09D24D1315 /* [CP] Check Pods Manifest.lock */ = {
			isa = PBXShellScriptBuildPhase;
			buildActionMask = 2147483647;
			files = (
			);
			inputFileListPaths = (
			);
			inputPaths = (
				"${PODS_PODFILE_DIR_PATH}/Podfile.lock",
				"${PODS_ROOT}/Manifest.lock",
			);
			name = "[CP] Check Pods Manifest.lock";
			outputFileListPaths = (
			);
			outputPaths = (
				"$(DERIVED_FILE_DIR)/Pods-flixTests-checkManifestLockResult.txt",
			);
			runOnlyForDeploymentPostprocessing = 0;
			shellPath = /bin/sh;
			shellScript = "diff \"${PODS_PODFILE_DIR_PATH}/Podfile.lock\" \"${PODS_ROOT}/Manifest.lock\" > /dev/null\nif [ $? != 0 ] ; then\n    # print error to STDERR\n    echo \"error: The sandbox is not in sync with the Podfile.lock. Run 'pod install' or update your CocoaPods installation.\" >&2\n    exit 1\nfi\n# This output is used by Xcode 'outputs' to avoid re-running this script phase.\necho \"SUCCESS\" > \"${SCRIPT_OUTPUT_FILE_0}\"\n";
			showEnvVarsInLog = 0;
		};
		D6D326C4462917BA94D59905 /* [CP] Check Pods Manifest.lock */ = {
			isa = PBXShellScriptBuildPhase;
			buildActionMask = 2147483647;
			files = (
			);
			inputFileListPaths = (
			);
			inputPaths = (
				"${PODS_PODFILE_DIR_PATH}/Podfile.lock",
				"${PODS_ROOT}/Manifest.lock",
			);
			name = "[CP] Check Pods Manifest.lock";
			outputFileListPaths = (
			);
			outputPaths = (
				"$(DERIVED_FILE_DIR)/Pods-flixUITests-checkManifestLockResult.txt",
			);
			runOnlyForDeploymentPostprocessing = 0;
			shellPath = /bin/sh;
			shellScript = "diff \"${PODS_PODFILE_DIR_PATH}/Podfile.lock\" \"${PODS_ROOT}/Manifest.lock\" > /dev/null\nif [ $? != 0 ] ; then\n    # print error to STDERR\n    echo \"error: The sandbox is not in sync with the Podfile.lock. Run 'pod install' or update your CocoaPods installation.\" >&2\n    exit 1\nfi\n# This output is used by Xcode 'outputs' to avoid re-running this script phase.\necho \"SUCCESS\" > \"${SCRIPT_OUTPUT_FILE_0}\"\n";
			showEnvVarsInLog = 0;
		};
/* End PBXShellScriptBuildPhase section */

/* Begin PBXSourcesBuildPhase section */
		2E3128FF2263C17C00149013 /* Sources */ = {
			isa = PBXSourcesBuildPhase;
			buildActionMask = 2147483647;
			files = (
				2E3129072263C17C00149013 /* AppDelegate.swift in Sources */,
				2E3129352263C24600149013 /* MoviesViewController.swift in Sources */,
				2E3129372263D56100149013 /* MovieCell.swift in Sources */,
			);
			runOnlyForDeploymentPostprocessing = 0;
		};
		2E3129132263C17D00149013 /* Sources */ = {
			isa = PBXSourcesBuildPhase;
			buildActionMask = 2147483647;
			files = (
				2E31291C2263C17D00149013 /* flixTests.swift in Sources */,
			);
			runOnlyForDeploymentPostprocessing = 0;
		};
		2E31291E2263C17D00149013 /* Sources */ = {
			isa = PBXSourcesBuildPhase;
			buildActionMask = 2147483647;
			files = (
				2E3129272263C17D00149013 /* flixUITests.swift in Sources */,
			);
			runOnlyForDeploymentPostprocessing = 0;
		};
/* End PBXSourcesBuildPhase section */

/* Begin PBXTargetDependency section */
		2E3129192263C17D00149013 /* PBXTargetDependency */ = {
			isa = PBXTargetDependency;
			target = 2E3129022263C17C00149013 /* flix */;
			targetProxy = 2E3129182263C17D00149013 /* PBXContainerItemProxy */;
		};
		2E3129242263C17D00149013 /* PBXTargetDependency */ = {
			isa = PBXTargetDependency;
			target = 2E3129022263C17C00149013 /* flix */;
			targetProxy = 2E3129232263C17D00149013 /* PBXContainerItemProxy */;
		};
/* End PBXTargetDependency section */

/* Begin PBXVariantGroup section */
		2E31290A2263C17C00149013 /* Main.storyboard */ = {
			isa = PBXVariantGroup;
			children = (
				2E31290B2263C17C00149013 /* Base */,
			);
			name = Main.storyboard;
			sourceTree = "<group>";
		};
		2E31290F2263C17D00149013 /* LaunchScreen.storyboard */ = {
			isa = PBXVariantGroup;
			children = (
				2E3129102263C17D00149013 /* Base */,
			);
			name = LaunchScreen.storyboard;
			sourceTree = "<group>";
		};
/* End PBXVariantGroup section */

/* Begin XCBuildConfiguration section */
		2E3129292263C17D00149013 /* Debug */ = {
			isa = XCBuildConfiguration;
			buildSettings = {
				ALWAYS_SEARCH_USER_PATHS = NO;
				CLANG_ANALYZER_NONNULL = YES;
				CLANG_ANALYZER_NUMBER_OBJECT_CONVERSION = YES_AGGRESSIVE;
				CLANG_CXX_LANGUAGE_STANDARD = "gnu++14";
				CLANG_CXX_LIBRARY = "libc++";
				CLANG_ENABLE_MODULES = YES;
				CLANG_ENABLE_OBJC_ARC = YES;
				CLANG_ENABLE_OBJC_WEAK = YES;
				CLANG_WARN_BLOCK_CAPTURE_AUTORELEASING = YES;
				CLANG_WARN_BOOL_CONVERSION = YES;
				CLANG_WARN_COMMA = YES;
				CLANG_WARN_CONSTANT_CONVERSION = YES;
				CLANG_WARN_DEPRECATED_OBJC_IMPLEMENTATIONS = YES;
				CLANG_WARN_DIRECT_OBJC_ISA_USAGE = YES_ERROR;
				CLANG_WARN_DOCUMENTATION_COMMENTS = YES;
				CLANG_WARN_EMPTY_BODY = YES;
				CLANG_WARN_ENUM_CONVERSION = YES;
				CLANG_WARN_INFINITE_RECURSION = YES;
				CLANG_WARN_INT_CONVERSION = YES;
				CLANG_WARN_NON_LITERAL_NULL_CONVERSION = YES;
				CLANG_WARN_OBJC_IMPLICIT_RETAIN_SELF = YES;
				CLANG_WARN_OBJC_LITERAL_CONVERSION = YES;
				CLANG_WARN_OBJC_ROOT_CLASS = YES_ERROR;
				CLANG_WARN_RANGE_LOOP_ANALYSIS = YES;
				CLANG_WARN_STRICT_PROTOTYPES = YES;
				CLANG_WARN_SUSPICIOUS_MOVE = YES;
				CLANG_WARN_UNGUARDED_AVAILABILITY = YES_AGGRESSIVE;
				CLANG_WARN_UNREACHABLE_CODE = YES;
				CLANG_WARN__DUPLICATE_METHOD_MATCH = YES;
				CODE_SIGN_IDENTITY = "iPhone Developer";
				COPY_PHASE_STRIP = NO;
				DEBUG_INFORMATION_FORMAT = dwarf;
				ENABLE_STRICT_OBJC_MSGSEND = YES;
				ENABLE_TESTABILITY = YES;
				GCC_C_LANGUAGE_STANDARD = gnu11;
				GCC_DYNAMIC_NO_PIC = NO;
				GCC_NO_COMMON_BLOCKS = YES;
				GCC_OPTIMIZATION_LEVEL = 0;
				GCC_PREPROCESSOR_DEFINITIONS = (
					"DEBUG=1",
					"$(inherited)",
				);
				GCC_WARN_64_TO_32_BIT_CONVERSION = YES;
				GCC_WARN_ABOUT_RETURN_TYPE = YES_ERROR;
				GCC_WARN_UNDECLARED_SELECTOR = YES;
				GCC_WARN_UNINITIALIZED_AUTOS = YES_AGGRESSIVE;
				GCC_WARN_UNUSED_FUNCTION = YES;
				GCC_WARN_UNUSED_VARIABLE = YES;
				IPHONEOS_DEPLOYMENT_TARGET = 12.2;
				MTL_ENABLE_DEBUG_INFO = INCLUDE_SOURCE;
				MTL_FAST_MATH = YES;
				ONLY_ACTIVE_ARCH = YES;
				SDKROOT = iphoneos;
				SWIFT_ACTIVE_COMPILATION_CONDITIONS = DEBUG;
				SWIFT_OPTIMIZATION_LEVEL = "-Onone";
			};
			name = Debug;
		};
		2E31292A2263C17D00149013 /* Release */ = {
			isa = XCBuildConfiguration;
			buildSettings = {
				ALWAYS_SEARCH_USER_PATHS = NO;
				CLANG_ANALYZER_NONNULL = YES;
				CLANG_ANALYZER_NUMBER_OBJECT_CONVERSION = YES_AGGRESSIVE;
				CLANG_CXX_LANGUAGE_STANDARD = "gnu++14";
				CLANG_CXX_LIBRARY = "libc++";
				CLANG_ENABLE_MODULES = YES;
				CLANG_ENABLE_OBJC_ARC = YES;
				CLANG_ENABLE_OBJC_WEAK = YES;
				CLANG_WARN_BLOCK_CAPTURE_AUTORELEASING = YES;
				CLANG_WARN_BOOL_CONVERSION = YES;
				CLANG_WARN_COMMA = YES;
				CLANG_WARN_CONSTANT_CONVERSION = YES;
				CLANG_WARN_DEPRECATED_OBJC_IMPLEMENTATIONS = YES;
				CLANG_WARN_DIRECT_OBJC_ISA_USAGE = YES_ERROR;
				CLANG_WARN_DOCUMENTATION_COMMENTS = YES;
				CLANG_WARN_EMPTY_BODY = YES;
				CLANG_WARN_ENUM_CONVERSION = YES;
				CLANG_WARN_INFINITE_RECURSION = YES;
				CLANG_WARN_INT_CONVERSION = YES;
				CLANG_WARN_NON_LITERAL_NULL_CONVERSION = YES;
				CLANG_WARN_OBJC_IMPLICIT_RETAIN_SELF = YES;
				CLANG_WARN_OBJC_LITERAL_CONVERSION = YES;
				CLANG_WARN_OBJC_ROOT_CLASS = YES_ERROR;
				CLANG_WARN_RANGE_LOOP_ANALYSIS = YES;
				CLANG_WARN_STRICT_PROTOTYPES = YES;
				CLANG_WARN_SUSPICIOUS_MOVE = YES;
				CLANG_WARN_UNGUARDED_AVAILABILITY = YES_AGGRESSIVE;
				CLANG_WARN_UNREACHABLE_CODE = YES;
				CLANG_WARN__DUPLICATE_METHOD_MATCH = YES;
				CODE_SIGN_IDENTITY = "iPhone Developer";
				COPY_PHASE_STRIP = NO;
				DEBUG_INFORMATION_FORMAT = "dwarf-with-dsym";
				ENABLE_NS_ASSERTIONS = NO;
				ENABLE_STRICT_OBJC_MSGSEND = YES;
				GCC_C_LANGUAGE_STANDARD = gnu11;
				GCC_NO_COMMON_BLOCKS = YES;
				GCC_WARN_64_TO_32_BIT_CONVERSION = YES;
				GCC_WARN_ABOUT_RETURN_TYPE = YES_ERROR;
				GCC_WARN_UNDECLARED_SELECTOR = YES;
				GCC_WARN_UNINITIALIZED_AUTOS = YES_AGGRESSIVE;
				GCC_WARN_UNUSED_FUNCTION = YES;
				GCC_WARN_UNUSED_VARIABLE = YES;
				IPHONEOS_DEPLOYMENT_TARGET = 12.2;
				MTL_ENABLE_DEBUG_INFO = NO;
				MTL_FAST_MATH = YES;
				SDKROOT = iphoneos;
				SWIFT_COMPILATION_MODE = wholemodule;
				SWIFT_OPTIMIZATION_LEVEL = "-O";
				VALIDATE_PRODUCT = YES;
			};
			name = Release;
		};
		2E31292C2263C17D00149013 /* Debug */ = {
			isa = XCBuildConfiguration;
			baseConfigurationReference = 2CB01708FE93C40526EB21D4 /* Pods-flix.debug.xcconfig */;
			buildSettings = {
				ASSETCATALOG_COMPILER_APPICON_NAME = AppIcon;
				CODE_SIGN_STYLE = Automatic;
				INFOPLIST_FILE = flix/Info.plist;
				LD_RUNPATH_SEARCH_PATHS = (
					"$(inherited)",
					"@executable_path/Frameworks",
				);
				PRODUCT_BUNDLE_IDENTIFIER = com.frankvu.flix;
				PRODUCT_NAME = "$(TARGET_NAME)";
				SWIFT_VERSION = 5.0;
				TARGETED_DEVICE_FAMILY = "1,2";
			};
			name = Debug;
		};
		2E31292D2263C17D00149013 /* Release */ = {
			isa = XCBuildConfiguration;
			baseConfigurationReference = 980763D3C3CD5DDB9562EBFF /* Pods-flix.release.xcconfig */;
			buildSettings = {
				ASSETCATALOG_COMPILER_APPICON_NAME = AppIcon;
				CODE_SIGN_STYLE = Automatic;
				INFOPLIST_FILE = flix/Info.plist;
				LD_RUNPATH_SEARCH_PATHS = (
					"$(inherited)",
					"@executable_path/Frameworks",
				);
				PRODUCT_BUNDLE_IDENTIFIER = com.frankvu.flix;
				PRODUCT_NAME = "$(TARGET_NAME)";
				SWIFT_VERSION = 5.0;
				TARGETED_DEVICE_FAMILY = "1,2";
			};
			name = Release;
		};
		2E31292F2263C17D00149013 /* Debug */ = {
			isa = XCBuildConfiguration;
			baseConfigurationReference = 86E5E72B48E9B73FEE45B41C /* Pods-flixTests.debug.xcconfig */;
			buildSettings = {
				ALWAYS_EMBED_SWIFT_STANDARD_LIBRARIES = YES;
				BUNDLE_LOADER = "$(TEST_HOST)";
				CODE_SIGN_STYLE = Automatic;
				INFOPLIST_FILE = flixTests/Info.plist;
				LD_RUNPATH_SEARCH_PATHS = (
					"$(inherited)",
					"@executable_path/Frameworks",
					"@loader_path/Frameworks",
				);
				PRODUCT_BUNDLE_IDENTIFIER = com.frankvu.flixTests;
				PRODUCT_NAME = "$(TARGET_NAME)";
				SWIFT_VERSION = 5.0;
				TARGETED_DEVICE_FAMILY = "1,2";
				TEST_HOST = "$(BUILT_PRODUCTS_DIR)/flix.app/flix";
			};
			name = Debug;
		};
		2E3129302263C17D00149013 /* Release */ = {
			isa = XCBuildConfiguration;
			baseConfigurationReference = 614CE60CA8E4577E7930AA50 /* Pods-flixTests.release.xcconfig */;
			buildSettings = {
				ALWAYS_EMBED_SWIFT_STANDARD_LIBRARIES = YES;
				BUNDLE_LOADER = "$(TEST_HOST)";
				CODE_SIGN_STYLE = Automatic;
				INFOPLIST_FILE = flixTests/Info.plist;
				LD_RUNPATH_SEARCH_PATHS = (
					"$(inherited)",
					"@executable_path/Frameworks",
					"@loader_path/Frameworks",
				);
				PRODUCT_BUNDLE_IDENTIFIER = com.frankvu.flixTests;
				PRODUCT_NAME = "$(TARGET_NAME)";
				SWIFT_VERSION = 5.0;
				TARGETED_DEVICE_FAMILY = "1,2";
				TEST_HOST = "$(BUILT_PRODUCTS_DIR)/flix.app/flix";
			};
			name = Release;
		};
		2E3129322263C17D00149013 /* Debug */ = {
			isa = XCBuildConfiguration;
			baseConfigurationReference = 118CF6C0E94649975A82161F /* Pods-flixUITests.debug.xcconfig */;
			buildSettings = {
				ALWAYS_EMBED_SWIFT_STANDARD_LIBRARIES = YES;
				CODE_SIGN_STYLE = Automatic;
				INFOPLIST_FILE = flixUITests/Info.plist;
				LD_RUNPATH_SEARCH_PATHS = (
					"$(inherited)",
					"@executable_path/Frameworks",
					"@loader_path/Frameworks",
				);
				PRODUCT_BUNDLE_IDENTIFIER = com.frankvu.flixUITests;
				PRODUCT_NAME = "$(TARGET_NAME)";
				SWIFT_VERSION = 5.0;
				TARGETED_DEVICE_FAMILY = "1,2";
				TEST_TARGET_NAME = flix;
			};
			name = Debug;
		};
		2E3129332263C17D00149013 /* Release */ = {
			isa = XCBuildConfiguration;
			baseConfigurationReference = 1C15D3250A54A42197C039B1 /* Pods-flixUITests.release.xcconfig */;
			buildSettings = {
				ALWAYS_EMBED_SWIFT_STANDARD_LIBRARIES = YES;
				CODE_SIGN_STYLE = Automatic;
				INFOPLIST_FILE = flixUITests/Info.plist;
				LD_RUNPATH_SEARCH_PATHS = (
					"$(inherited)",
					"@executable_path/Frameworks",
					"@loader_path/Frameworks",
				);
				PRODUCT_BUNDLE_IDENTIFIER = com.frankvu.flixUITests;
				PRODUCT_NAME = "$(TARGET_NAME)";
				SWIFT_VERSION = 5.0;
				TARGETED_DEVICE_FAMILY = "1,2";
				TEST_TARGET_NAME = flix;
			};
			name = Release;
		};
/* End XCBuildConfiguration section */

/* Begin XCConfigurationList section */
		2E3128FE2263C17C00149013 /* Build configuration list for PBXProject "flix" */ = {
			isa = XCConfigurationList;
			buildConfigurations = (
				2E3129292263C17D00149013 /* Debug */,
				2E31292A2263C17D00149013 /* Release */,
			);
			defaultConfigurationIsVisible = 0;
			defaultConfigurationName = Release;
		};
		2E31292B2263C17D00149013 /* Build configuration list for PBXNativeTarget "flix" */ = {
			isa = XCConfigurationList;
			buildConfigurations = (
				2E31292C2263C17D00149013 /* Debug */,
				2E31292D2263C17D00149013 /* Release */,
			);
			defaultConfigurationIsVisible = 0;
			defaultConfigurationName = Release;
		};
		2E31292E2263C17D00149013 /* Build configuration list for PBXNativeTarget "flixTests" */ = {
			isa = XCConfigurationList;
			buildConfigurations = (
				2E31292F2263C17D00149013 /* Debug */,
				2E3129302263C17D00149013 /* Release */,
			);
			defaultConfigurationIsVisible = 0;
			defaultConfigurationName = Release;
		};
		2E3129312263C17D00149013 /* Build configuration list for PBXNativeTarget "flixUITests" */ = {
			isa = XCConfigurationList;
			buildConfigurations = (
				2E3129322263C17D00149013 /* Debug */,
				2E3129332263C17D00149013 /* Release */,
			);
			defaultConfigurationIsVisible = 0;
			defaultConfigurationName = Release;
		};
/* End XCConfigurationList section */
	};
	rootObject = 2E3128FB2263C17C00149013 /* Project object */;
}
